
Microsoft Visual Studio Solution File, Format Version 12.00
# Visual Studio Version 17
VisualStudioVersion = 17.9.34728.123
MinimumVisualStudioVersion = 10.0.40219.1
Project("{9A19103F-16F7-4668-BE54-9A1E7A4F7556}") = "QuizzAppDeploy", "CapstoneQuizzCreationApp\QuizzAppDeploy.csproj", "{F8DAA585-0AB9-4D66-8EBD-5DAE48A0673A}"
EndProject
Global
	GlobalSection(SolutionConfigurationPlatforms) = preSolution
		Debug|Any CPU = Debug|Any CPU
		Release|Any CPU = Release|Any CPU
	EndGlobalSection
	GlobalSection(ProjectConfigurationPlatforms) = postSolution
		{F8DAA585-0AB9-4D66-8EBD-5DAE48A0673A}.Debug|Any CPU.ActiveCfg = Debug|Any CPU
		{F8DAA585-0AB9-4D66-8EBD-5DAE48A0673A}.Debug|Any CPU.Build.0 = Debug|Any CPU
		{F8DAA585-0AB9-4D66-8EBD-5DAE48A0673A}.Release|Any CPU.ActiveCfg = Release|Any CPU
		{F8DAA585-0AB9-4D66-8EBD-5DAE48A0673A}.Release|Any CPU.Build.0 = Release|Any CPU
	EndGlobalSection
	GlobalSection(SolutionProperties) = preSolution
		HideSolutionNode = FALSE
	EndGlobalSection
	GlobalSection(ExtensibilityGlobals) = postSolution
		SolutionGuid = {74818831-788E-43F4-B3BC-A88F22A82B74}
	EndGlobalSection
EndGlobal
